
Microsoft Visual Studio Solution File, Format Version 12.00
# Visual Studio Version 16
VisualStudioVersion = 16.0.31129.286
MinimumVisualStudioVersion = 10.0.40219.1
Project("{9A19103F-16F7-4668-BE54-9A1E7A4F7556}") = "hahaRU", "hahaRU\hahaRU.csproj", "{6A20C03D-2F23-426F-94A8-18780BEB6A12}"
EndProject
Project("{9A19103F-16F7-4668-BE54-9A1E7A4F7556}") = "likes", "..\likes\likes\likes.csproj", "{185B100A-4DD3-4A08-8E66-0746948F3680}"
EndProject
Global
	GlobalSection(SolutionConfigurationPlatforms) = preSolution
		Debug|Any CPU = Debug|Any CPU
		Release|Any CPU = Release|Any CPU
	EndGlobalSection
	GlobalSection(ProjectConfigurationPlatforms) = postSolution
		{6A20C03D-2F23-426F-94A8-18780BEB6A12}.Debug|Any CPU.ActiveCfg = Debug|Any CPU
		{6A20C03D-2F23-426F-94A8-18780BEB6A12}.Debug|Any CPU.Build.0 = Debug|Any CPU
		{6A20C03D-2F23-426F-94A8-18780BEB6A12}.Release|Any CPU.ActiveCfg = Release|Any CPU
		{6A20C03D-2F23-426F-94A8-18780BEB6A12}.Release|Any CPU.Build.0 = Release|Any CPU
		{185B100A-4DD3-4A08-8E66-0746948F3680}.Debug|Any CPU.ActiveCfg = Debug|Any CPU
		{185B100A-4DD3-4A08-8E66-0746948F3680}.Debug|Any CPU.Build.0 = Debug|Any CPU
		{185B100A-4DD3-4A08-8E66-0746948F3680}.Release|Any CPU.ActiveCfg = Release|Any CPU
		{185B100A-4DD3-4A08-8E66-0746948F3680}.Release|Any CPU.Build.0 = Release|Any CPU
	EndGlobalSection
	GlobalSection(SolutionProperties) = preSolution
		HideSolutionNode = FALSE
	EndGlobalSection
	GlobalSection(ExtensibilityGlobals) = postSolution
		SolutionGuid = {04B16383-A8E1-4441-8C48-DB1FF6B35496}
	EndGlobalSection
EndGlobal
